// !$*UTF8*$!
{
	archiveVersion = 1;
	classes = {
	};
	objectVersion = 55;
	objects = {

/* Begin PBXBuildFile section */
		222D4E48F4995A9C14AF773D /* Pods_TikTok.framework in Frameworks */ = {isa = PBXBuildFile; fileRef = 96EFA37837A69082122765E3 /* Pods_TikTok.framework */; };
		3145748C27F6324D00DBBDD4 /* AppDelegate.swift in Sources */ = {isa = PBXBuildFile; fileRef = 3145748B27F6324D00DBBDD4 /* AppDelegate.swift */; };
		3145748E27F6324D00DBBDD4 /* SceneDelegate.swift in Sources */ = {isa = PBXBuildFile; fileRef = 3145748D27F6324D00DBBDD4 /* SceneDelegate.swift */; };
		3145749027F6324D00DBBDD4 /* HomeViewController.swift in Sources */ = {isa = PBXBuildFile; fileRef = 3145748F27F6324D00DBBDD4 /* HomeViewController.swift */; };
		3145749527F6324E00DBBDD4 /* Assets.xcassets in Resources */ = {isa = PBXBuildFile; fileRef = 3145749427F6324E00DBBDD4 /* Assets.xcassets */; };
		3145749827F6324E00DBBDD4 /* LaunchScreen.storyboard in Resources */ = {isa = PBXBuildFile; fileRef = 3145749627F6324E00DBBDD4 /* LaunchScreen.storyboard */; };
		314574A827F6374A00DBBDD4 /* ExploreViewController.swift in Sources */ = {isa = PBXBuildFile; fileRef = 314574A727F6374A00DBBDD4 /* ExploreViewController.swift */; };
		314574AA27F6375200DBBDD4 /* CameraViewController.swift in Sources */ = {isa = PBXBuildFile; fileRef = 314574A927F6375200DBBDD4 /* CameraViewController.swift */; };
		314574AC27F6376300DBBDD4 /* NotificationsViewController.swift in Sources */ = {isa = PBXBuildFile; fileRef = 314574AB27F6376300DBBDD4 /* NotificationsViewController.swift */; };
		314574AE27F6376E00DBBDD4 /* ProfileViewViewController.swift in Sources */ = {isa = PBXBuildFile; fileRef = 314574AD27F6376E00DBBDD4 /* ProfileViewViewController.swift */; };
		314574B027F6378700DBBDD4 /* UserListViewController.swift in Sources */ = {isa = PBXBuildFile; fileRef = 314574AF27F6378700DBBDD4 /* UserListViewController.swift */; };
		314574B227F6379600DBBDD4 /* SignInViewController.swift in Sources */ = {isa = PBXBuildFile; fileRef = 314574B127F6379600DBBDD4 /* SignInViewController.swift */; };
		314574B427F637A100DBBDD4 /* SettingsViewController.swift in Sources */ = {isa = PBXBuildFile; fileRef = 314574B327F637A100DBBDD4 /* SettingsViewController.swift */; };
		314574B627F637A800DBBDD4 /* SignUpViewController.swift in Sources */ = {isa = PBXBuildFile; fileRef = 314574B527F637A800DBBDD4 /* SignUpViewController.swift */; };
		314574B827F637E100DBBDD4 /* TabBarViewController.swift in Sources */ = {isa = PBXBuildFile; fileRef = 314574B727F637E100DBBDD4 /* TabBarViewController.swift */; };
		314574BC27F6385A00DBBDD4 /* PostViewController.swift in Sources */ = {isa = PBXBuildFile; fileRef = 314574BB27F6385A00DBBDD4 /* PostViewController.swift */; };
		314574BE27F6387000DBBDD4 /* APICaller.swift in Sources */ = {isa = PBXBuildFile; fileRef = 314574BD27F6387000DBBDD4 /* APICaller.swift */; };
		314574C027F6388200DBBDD4 /* StorageManager.swift in Sources */ = {isa = PBXBuildFile; fileRef = 314574BF27F6388200DBBDD4 /* StorageManager.swift */; };
		314574C227F6389300DBBDD4 /* DatabaseManager.swift in Sources */ = {isa = PBXBuildFile; fileRef = 314574C127F6389300DBBDD4 /* DatabaseManager.swift */; };
		314574C427F6389F00DBBDD4 /* AuthenticationManager.swift in Sources */ = {isa = PBXBuildFile; fileRef = 314574C327F6389F00DBBDD4 /* AuthenticationManager.swift */; };
		314574C627F638B800DBBDD4 /* HapticsManager.swift in Sources */ = {isa = PBXBuildFile; fileRef = 314574C527F638B800DBBDD4 /* HapticsManager.swift */; };
		314574C827F63DF900DBBDD4 /* GoogleService-Info.plist in Resources */ = {isa = PBXBuildFile; fileRef = 314574C727F63DF900DBBDD4 /* GoogleService-Info.plist */; };
/* End PBXBuildFile section */

/* Begin PBXFileReference section */
		3145748827F6324D00DBBDD4 /* TikTok.app */ = {isa = PBXFileReference; explicitFileType = wrapper.application; includeInIndex = 0; path = TikTok.app; sourceTree = BUILT_PRODUCTS_DIR; };
		3145748B27F6324D00DBBDD4 /* AppDelegate.swift */ = {isa = PBXFileReference; lastKnownFileType = sourcecode.swift; path = AppDelegate.swift; sourceTree = "<group>"; };
		3145748D27F6324D00DBBDD4 /* SceneDelegate.swift */ = {isa = PBXFileReference; lastKnownFileType = sourcecode.swift; path = SceneDelegate.swift; sourceTree = "<group>"; };
		3145748F27F6324D00DBBDD4 /* HomeViewController.swift */ = {isa = PBXFileReference; lastKnownFileType = sourcecode.swift; path = HomeViewController.swift; sourceTree = "<group>"; };
		3145749427F6324E00DBBDD4 /* Assets.xcassets */ = {isa = PBXFileReference; lastKnownFileType = folder.assetcatalog; path = Assets.xcassets; sourceTree = "<group>"; };
		3145749727F6324E00DBBDD4 /* Base */ = {isa = PBXFileReference; lastKnownFileType = file.storyboard; name = Base; path = Base.lproj/LaunchScreen.storyboard; sourceTree = "<group>"; };
		3145749927F6324E00DBBDD4 /* Info.plist */ = {isa = PBXFileReference; lastKnownFileType = text.plist.xml; path = Info.plist; sourceTree = "<group>"; };
		314574A727F6374A00DBBDD4 /* ExploreViewController.swift */ = {isa = PBXFileReference; lastKnownFileType = sourcecode.swift; path = ExploreViewController.swift; sourceTree = "<group>"; };
		314574A927F6375200DBBDD4 /* CameraViewController.swift */ = {isa = PBXFileReference; lastKnownFileType = sourcecode.swift; path = CameraViewController.swift; sourceTree = "<group>"; };
		314574AB27F6376300DBBDD4 /* NotificationsViewController.swift */ = {isa = PBXFileReference; lastKnownFileType = sourcecode.swift; path = NotificationsViewController.swift; sourceTree = "<group>"; };
		314574AD27F6376E00DBBDD4 /* ProfileViewViewController.swift */ = {isa = PBXFileReference; lastKnownFileType = sourcecode.swift; path = ProfileViewViewController.swift; sourceTree = "<group>"; };
		314574AF27F6378700DBBDD4 /* UserListViewController.swift */ = {isa = PBXFileReference; lastKnownFileType = sourcecode.swift; path = UserListViewController.swift; sourceTree = "<group>"; };
		314574B127F6379600DBBDD4 /* SignInViewController.swift */ = {isa = PBXFileReference; lastKnownFileType = sourcecode.swift; path = SignInViewController.swift; sourceTree = "<group>"; };
		314574B327F637A100DBBDD4 /* SettingsViewController.swift */ = {isa = PBXFileReference; lastKnownFileType = sourcecode.swift; path = SettingsViewController.swift; sourceTree = "<group>"; };
		314574B527F637A800DBBDD4 /* SignUpViewController.swift */ = {isa = PBXFileReference; lastKnownFileType = sourcecode.swift; path = SignUpViewController.swift; sourceTree = "<group>"; };
		314574B727F637E100DBBDD4 /* TabBarViewController.swift */ = {isa = PBXFileReference; lastKnownFileType = sourcecode.swift; path = TabBarViewController.swift; sourceTree = "<group>"; };
		314574BB27F6385A00DBBDD4 /* PostViewController.swift */ = {isa = PBXFileReference; lastKnownFileType = sourcecode.swift; path = PostViewController.swift; sourceTree = "<group>"; };
		314574BD27F6387000DBBDD4 /* APICaller.swift */ = {isa = PBXFileReference; lastKnownFileType = sourcecode.swift; path = APICaller.swift; sourceTree = "<group>"; };
		314574BF27F6388200DBBDD4 /* StorageManager.swift */ = {isa = PBXFileReference; lastKnownFileType = sourcecode.swift; path = StorageManager.swift; sourceTree = "<group>"; };
		314574C127F6389300DBBDD4 /* DatabaseManager.swift */ = {isa = PBXFileReference; lastKnownFileType = sourcecode.swift; path = DatabaseManager.swift; sourceTree = "<group>"; };
		314574C327F6389F00DBBDD4 /* AuthenticationManager.swift */ = {isa = PBXFileReference; lastKnownFileType = sourcecode.swift; path = AuthenticationManager.swift; sourceTree = "<group>"; };
		314574C527F638B800DBBDD4 /* HapticsManager.swift */ = {isa = PBXFileReference; lastKnownFileType = sourcecode.swift; path = HapticsManager.swift; sourceTree = "<group>"; };
		314574C727F63DF900DBBDD4 /* GoogleService-Info.plist */ = {isa = PBXFileReference; fileEncoding = 4; lastKnownFileType = text.plist.xml; path = "GoogleService-Info.plist"; sourceTree = "<group>"; };
		3F90BF519AA651EB815F070A /* Pods-TikTok.debug.xcconfig */ = {isa = PBXFileReference; includeInIndex = 1; lastKnownFileType = text.xcconfig; name = "Pods-TikTok.debug.xcconfig"; path = "Target Support Files/Pods-TikTok/Pods-TikTok.debug.xcconfig"; sourceTree = "<group>"; };
		96EFA37837A69082122765E3 /* Pods_TikTok.framework */ = {isa = PBXFileReference; explicitFileType = wrapper.framework; includeInIndex = 0; path = Pods_TikTok.framework; sourceTree = BUILT_PRODUCTS_DIR; };
		AE0042AFF93DA12E7D5E497B /* Pods-TikTok.release.xcconfig */ = {isa = PBXFileReference; includeInIndex = 1; lastKnownFileType = text.xcconfig; name = "Pods-TikTok.release.xcconfig"; path = "Target Support Files/Pods-TikTok/Pods-TikTok.release.xcconfig"; sourceTree = "<group>"; };
/* End PBXFileReference section */

/* Begin PBXFrameworksBuildPhase section */
		3145748527F6324D00DBBDD4 /* Frameworks */ = {
			isa = PBXFrameworksBuildPhase;
			buildActionMask = 2147483647;
			files = (
				222D4E48F4995A9C14AF773D /* Pods_TikTok.framework in Frameworks */,
			);
			runOnlyForDeploymentPostprocessing = 0;
		};
/* End PBXFrameworksBuildPhase section */

/* Begin PBXGroup section */
		3145747F27F6324D00DBBDD4 = {
			isa = PBXGroup;
			children = (
				3145748A27F6324D00DBBDD4 /* TikTok */,
				3145748927F6324D00DBBDD4 /* Products */,
				7E5655981D6128B29F5C31B2 /* Pods */,
				560D08CF1D7CB3DD5BA5DDB6 /* Frameworks */,
			);
			sourceTree = "<group>";
		};
		3145748927F6324D00DBBDD4 /* Products */ = {
			isa = PBXGroup;
			children = (
				3145748827F6324D00DBBDD4 /* TikTok.app */,
			);
			name = Products;
			sourceTree = "<group>";
		};
		3145748A27F6324D00DBBDD4 /* TikTok */ = {
			isa = PBXGroup;
			children = (
				314574A327F636DA00DBBDD4 /* Managers */,
				314574A427F636E000DBBDD4 /* ViewModels */,
				314574A127F636CB00DBBDD4 /* Models */,
				314574A227F636D100DBBDD4 /* Views */,
				314574A027F636A300DBBDD4 /* Controllers */,
				3145749F27F6369400DBBDD4 /* Resources */,
				3145749927F6324E00DBBDD4 /* Info.plist */,
			);
			path = TikTok;
			sourceTree = "<group>";
		};
		3145749F27F6369400DBBDD4 /* Resources */ = {
			isa = PBXGroup;
			children = (
				3145749427F6324E00DBBDD4 /* Assets.xcassets */,
				314574C727F63DF900DBBDD4 /* GoogleService-Info.plist */,
				3145748B27F6324D00DBBDD4 /* AppDelegate.swift */,
				3145748D27F6324D00DBBDD4 /* SceneDelegate.swift */,
			);
			path = Resources;
			sourceTree = "<group>";
		};
		314574A027F636A300DBBDD4 /* Controllers */ = {
			isa = PBXGroup;
			children = (
				314574A627F6372D00DBBDD4 /* Other */,
				314574A527F6372000DBBDD4 /* Core */,
			);
			path = Controllers;
			sourceTree = "<group>";
		};
		314574A127F636CB00DBBDD4 /* Models */ = {
			isa = PBXGroup;
			children = (
			);
			path = Models;
			sourceTree = "<group>";
		};
		314574A227F636D100DBBDD4 /* Views */ = {
			isa = PBXGroup;
			children = (
				314574BA27F6383200DBBDD4 /* Other */,
				314574B927F6380700DBBDD4 /* Storyboards */,
			);
			path = Views;
			sourceTree = "<group>";
		};
		314574A327F636DA00DBBDD4 /* Managers */ = {
			isa = PBXGroup;
			children = (
				314574BD27F6387000DBBDD4 /* APICaller.swift */,
				314574BF27F6388200DBBDD4 /* StorageManager.swift */,
				314574C127F6389300DBBDD4 /* DatabaseManager.swift */,
				314574C327F6389F00DBBDD4 /* AuthenticationManager.swift */,
				314574C527F638B800DBBDD4 /* HapticsManager.swift */,
			);
			path = Managers;
			sourceTree = "<group>";
		};
		314574A427F636E000DBBDD4 /* ViewModels */ = {
			isa = PBXGroup;
			children = (
			);
			path = ViewModels;
			sourceTree = "<group>";
		};
		314574A527F6372000DBBDD4 /* Core */ = {
			isa = PBXGroup;
			children = (
				3145748F27F6324D00DBBDD4 /* HomeViewController.swift */,
				314574A727F6374A00DBBDD4 /* ExploreViewController.swift */,
				314574A927F6375200DBBDD4 /* CameraViewController.swift */,
				314574AB27F6376300DBBDD4 /* NotificationsViewController.swift */,
				314574AD27F6376E00DBBDD4 /* ProfileViewViewController.swift */,
				314574B727F637E100DBBDD4 /* TabBarViewController.swift */,
			);
			path = Core;
			sourceTree = "<group>";
		};
		314574A627F6372D00DBBDD4 /* Other */ = {
			isa = PBXGroup;
			children = (
				314574AF27F6378700DBBDD4 /* UserListViewController.swift */,
				314574B127F6379600DBBDD4 /* SignInViewController.swift */,
				314574B527F637A800DBBDD4 /* SignUpViewController.swift */,
				314574B327F637A100DBBDD4 /* SettingsViewController.swift */,
				314574BB27F6385A00DBBDD4 /* PostViewController.swift */,
			);
			path = Other;
			sourceTree = "<group>";
		};
		314574B927F6380700DBBDD4 /* Storyboards */ = {
			isa = PBXGroup;
			children = (
				3145749627F6324E00DBBDD4 /* LaunchScreen.storyboard */,
			);
			path = Storyboards;
			sourceTree = "<group>";
		};
		314574BA27F6383200DBBDD4 /* Other */ = {
			isa = PBXGroup;
			children = (
			);
			path = Other;
			sourceTree = "<group>";
		};
		560D08CF1D7CB3DD5BA5DDB6 /* Frameworks */ = {
			isa = PBXGroup;
			children = (
				96EFA37837A69082122765E3 /* Pods_TikTok.framework */,
			);
			name = Frameworks;
			sourceTree = "<group>";
		};
		7E5655981D6128B29F5C31B2 /* Pods */ = {
			isa = PBXGroup;
			children = (
				3F90BF519AA651EB815F070A /* Pods-TikTok.debug.xcconfig */,
				AE0042AFF93DA12E7D5E497B /* Pods-TikTok.release.xcconfig */,
			);
			path = Pods;
			sourceTree = "<group>";
		};
/* End PBXGroup section */

/* Begin PBXNativeTarget section */
		3145748727F6324D00DBBDD4 /* TikTok */ = {
			isa = PBXNativeTarget;
			buildConfigurationList = 3145749C27F6324E00DBBDD4 /* Build configuration list for PBXNativeTarget "TikTok" */;
			buildPhases = (
				A92FD7ABEB43FA4A4AF34D32 /* [CP] Check Pods Manifest.lock */,
				3145748427F6324D00DBBDD4 /* Sources */,
				3145748527F6324D00DBBDD4 /* Frameworks */,
				3145748627F6324D00DBBDD4 /* Resources */,
				30F0099C4B8526BFFD7516C2 /* [CP] Embed Pods Frameworks */,
				314574C927F6424E00DBBDD4 /* ShellScript */,
			);
			buildRules = (
			);
			dependencies = (
			);
			name = TikTok;
			productName = TikTok;
			productReference = 3145748827F6324D00DBBDD4 /* TikTok.app */;
			productType = "com.apple.product-type.application";
		};
/* End PBXNativeTarget section */

/* Begin PBXProject section */
		3145748027F6324D00DBBDD4 /* Project object */ = {
			isa = PBXProject;
			attributes = {
				BuildIndependentTargetsInParallel = 1;
				LastSwiftUpdateCheck = 1330;
				LastUpgradeCheck = 1330;
				TargetAttributes = {
					3145748727F6324D00DBBDD4 = {
						CreatedOnToolsVersion = 13.3;
					};
				};
			};
			buildConfigurationList = 3145748327F6324D00DBBDD4 /* Build configuration list for PBXProject "TikTok" */;
			compatibilityVersion = "Xcode 13.0";
			developmentRegion = en;
			hasScannedForEncodings = 0;
			knownRegions = (
				en,
				Base,
			);
			mainGroup = 3145747F27F6324D00DBBDD4;
			productRefGroup = 3145748927F6324D00DBBDD4 /* Products */;
			projectDirPath = "";
			projectRoot = "";
			targets = (
				3145748727F6324D00DBBDD4 /* TikTok */,
			);
		};
/* End PBXProject section */

/* Begin PBXResourcesBuildPhase section */
		3145748627F6324D00DBBDD4 /* Resources */ = {
			isa = PBXResourcesBuildPhase;
			buildActionMask = 2147483647;
			files = (
				3145749827F6324E00DBBDD4 /* LaunchScreen.storyboard in Resources */,
				3145749527F6324E00DBBDD4 /* Assets.xcassets in Resources */,
				314574C827F63DF900DBBDD4 /* GoogleService-Info.plist in Resources */,
			);
			runOnlyForDeploymentPostprocessing = 0;
		};
/* End PBXResourcesBuildPhase section */

/* Begin PBXShellScriptBuildPhase section */
		30F0099C4B8526BFFD7516C2 /* [CP] Embed Pods Frameworks */ = {
			isa = PBXShellScriptBuildPhase;
			buildActionMask = 2147483647;
			files = (
			);
			inputFileListPaths = (
				"${PODS_ROOT}/Target Support Files/Pods-TikTok/Pods-TikTok-frameworks-${CONFIGURATION}-input-files.xcfilelist",
			);
			name = "[CP] Embed Pods Frameworks";
			outputFileListPaths = (
				"${PODS_ROOT}/Target Support Files/Pods-TikTok/Pods-TikTok-frameworks-${CONFIGURATION}-output-files.xcfilelist",
			);
			runOnlyForDeploymentPostprocessing = 0;
			shellPath = /bin/sh;
			shellScript = "\"${PODS_ROOT}/Target Support Files/Pods-TikTok/Pods-TikTok-frameworks.sh\"\n";
			showEnvVarsInLog = 0;
		};
		314574C927F6424E00DBBDD4 /* ShellScript */ = {
			isa = PBXShellScriptBuildPhase;
			buildActionMask = 2147483647;
			files = (
			);
			inputFileListPaths = (
			);
			inputPaths = (
			);
			outputFileListPaths = (
			);
			outputPaths = (
			);
			runOnlyForDeploymentPostprocessing = 0;
			shellPath = /bin/sh;
			shellScript = "\"${PODS_ROOT}/FirebaseCrashlytics/run\"\n";
		};
		A92FD7ABEB43FA4A4AF34D32 /* [CP] Check Pods Manifest.lock */ = {
			isa = PBXShellScriptBuildPhase;
			buildActionMask = 2147483647;
			files = (
			);
			inputFileListPaths = (
			);
			inputPaths = (
				"${PODS_PODFILE_DIR_PATH}/Podfile.lock",
				"${PODS_ROOT}/Manifest.lock",
			);
			name = "[CP] Check Pods Manifest.lock";
			outputFileListPaths = (
			);
			outputPaths = (
				"$(DERIVED_FILE_DIR)/Pods-TikTok-checkManifestLockResult.txt",
			);
			runOnlyForDeploymentPostprocessing = 0;
			shellPath = /bin/sh;
			shellScript = "diff \"${PODS_PODFILE_DIR_PATH}/Podfile.lock\" \"${PODS_ROOT}/Manifest.lock\" > /dev/null\nif [ $? != 0 ] ; then\n    # print error to STDERR\n    echo \"error: The sandbox is not in sync with the Podfile.lock. Run 'pod install' or update your CocoaPods installation.\" >&2\n    exit 1\nfi\n# This output is used by Xcode 'outputs' to avoid re-running this script phase.\necho \"SUCCESS\" > \"${SCRIPT_OUTPUT_FILE_0}\"\n";
			showEnvVarsInLog = 0;
		};
/* End PBXShellScriptBuildPhase section */

/* Begin PBXSourcesBuildPhase section */
		3145748427F6324D00DBBDD4 /* Sources */ = {
			isa = PBXSourcesBuildPhase;
			buildActionMask = 2147483647;
			files = (
				314574C627F638B800DBBDD4 /* HapticsManager.swift in Sources */,
				314574C227F6389300DBBDD4 /* DatabaseManager.swift in Sources */,
				314574B627F637A800DBBDD4 /* SignUpViewController.swift in Sources */,
				314574A827F6374A00DBBDD4 /* ExploreViewController.swift in Sources */,
				314574B027F6378700DBBDD4 /* UserListViewController.swift in Sources */,
				314574BE27F6387000DBBDD4 /* APICaller.swift in Sources */,
				314574BC27F6385A00DBBDD4 /* PostViewController.swift in Sources */,
				314574AA27F6375200DBBDD4 /* CameraViewController.swift in Sources */,
				314574B827F637E100DBBDD4 /* TabBarViewController.swift in Sources */,
				314574B427F637A100DBBDD4 /* SettingsViewController.swift in Sources */,
				3145749027F6324D00DBBDD4 /* HomeViewController.swift in Sources */,
				314574C427F6389F00DBBDD4 /* AuthenticationManager.swift in Sources */,
				314574AC27F6376300DBBDD4 /* NotificationsViewController.swift in Sources */,
				314574B227F6379600DBBDD4 /* SignInViewController.swift in Sources */,
				314574AE27F6376E00DBBDD4 /* ProfileViewViewController.swift in Sources */,
				314574C027F6388200DBBDD4 /* StorageManager.swift in Sources */,
				3145748C27F6324D00DBBDD4 /* AppDelegate.swift in Sources */,
				3145748E27F6324D00DBBDD4 /* SceneDelegate.swift in Sources */,
			);
			runOnlyForDeploymentPostprocessing = 0;
		};
/* End PBXSourcesBuildPhase section */

/* Begin PBXVariantGroup section */
		3145749627F6324E00DBBDD4 /* LaunchScreen.storyboard */ = {
			isa = PBXVariantGroup;
			children = (
				3145749727F6324E00DBBDD4 /* Base */,
			);
			name = LaunchScreen.storyboard;
			sourceTree = "<group>";
		};
/* End PBXVariantGroup section */

/* Begin XCBuildConfiguration section */
		3145749A27F6324E00DBBDD4 /* Debug */ = {
			isa = XCBuildConfiguration;
			buildSettings = {
				ALWAYS_SEARCH_USER_PATHS = NO;
				CLANG_ANALYZER_NONNULL = YES;
				CLANG_ANALYZER_NUMBER_OBJECT_CONVERSION = YES_AGGRESSIVE;
				CLANG_CXX_LANGUAGE_STANDARD = "gnu++17";
				CLANG_ENABLE_MODULES = YES;
				CLANG_ENABLE_OBJC_ARC = YES;
				CLANG_ENABLE_OBJC_WEAK = YES;
				CLANG_WARN_BLOCK_CAPTURE_AUTORELEASING = YES;
				CLANG_WARN_BOOL_CONVERSION = YES;
				CLANG_WARN_COMMA = YES;
				CLANG_WARN_CONSTANT_CONVERSION = YES;
				CLANG_WARN_DEPRECATED_OBJC_IMPLEMENTATIONS = YES;
				CLANG_WARN_DIRECT_OBJC_ISA_USAGE = YES_ERROR;
				CLANG_WARN_DOCUMENTATION_COMMENTS = YES;
				CLANG_WARN_EMPTY_BODY = YES;
				CLANG_WARN_ENUM_CONVERSION = YES;
				CLANG_WARN_INFINITE_RECURSION = YES;
				CLANG_WARN_INT_CONVERSION = YES;
				CLANG_WARN_NON_LITERAL_NULL_CONVERSION = YES;
				CLANG_WARN_OBJC_IMPLICIT_RETAIN_SELF = YES;
				CLANG_WARN_OBJC_LITERAL_CONVERSION = YES;
				CLANG_WARN_OBJC_ROOT_CLASS = YES_ERROR;
				CLANG_WARN_QUOTED_INCLUDE_IN_FRAMEWORK_HEADER = YES;
				CLANG_WARN_RANGE_LOOP_ANALYSIS = YES;
				CLANG_WARN_STRICT_PROTOTYPES = YES;
				CLANG_WARN_SUSPICIOUS_MOVE = YES;
				CLANG_WARN_UNGUARDED_AVAILABILITY = YES_AGGRESSIVE;
				CLANG_WARN_UNREACHABLE_CODE = YES;
				CLANG_WARN__DUPLICATE_METHOD_MATCH = YES;
				COPY_PHASE_STRIP = NO;
				DEBUG_INFORMATION_FORMAT = dwarf;
				ENABLE_STRICT_OBJC_MSGSEND = YES;
				ENABLE_TESTABILITY = YES;
				GCC_C_LANGUAGE_STANDARD = gnu11;
				GCC_DYNAMIC_NO_PIC = NO;
				GCC_NO_COMMON_BLOCKS = YES;
				GCC_OPTIMIZATION_LEVEL = 0;
				GCC_PREPROCESSOR_DEFINITIONS = (
					"DEBUG=1",
					"$(inherited)",
				);
				GCC_WARN_64_TO_32_BIT_CONVERSION = YES;
				GCC_WARN_ABOUT_RETURN_TYPE = YES_ERROR;
				GCC_WARN_UNDECLARED_SELECTOR = YES;
				GCC_WARN_UNINITIALIZED_AUTOS = YES_AGGRESSIVE;
				GCC_WARN_UNUSED_FUNCTION = YES;
				GCC_WARN_UNUSED_VARIABLE = YES;
				IPHONEOS_DEPLOYMENT_TARGET = 15.4;
				MTL_ENABLE_DEBUG_INFO = INCLUDE_SOURCE;
				MTL_FAST_MATH = YES;
				ONLY_ACTIVE_ARCH = YES;
				SDKROOT = iphoneos;
				SWIFT_ACTIVE_COMPILATION_CONDITIONS = DEBUG;
				SWIFT_OPTIMIZATION_LEVEL = "-Onone";
			};
			name = Debug;
		};
		3145749B27F6324E00DBBDD4 /* Release */ = {
			isa = XCBuildConfiguration;
			buildSettings = {
				ALWAYS_SEARCH_USER_PATHS = NO;
				CLANG_ANALYZER_NONNULL = YES;
				CLANG_ANALYZER_NUMBER_OBJECT_CONVERSION = YES_AGGRESSIVE;
				CLANG_CXX_LANGUAGE_STANDARD = "gnu++17";
				CLANG_ENABLE_MODULES = YES;
				CLANG_ENABLE_OBJC_ARC = YES;
				CLANG_ENABLE_OBJC_WEAK = YES;
				CLANG_WARN_BLOCK_CAPTURE_AUTORELEASING = YES;
				CLANG_WARN_BOOL_CONVERSION = YES;
				CLANG_WARN_COMMA = YES;
				CLANG_WARN_CONSTANT_CONVERSION = YES;
				CLANG_WARN_DEPRECATED_OBJC_IMPLEMENTATIONS = YES;
				CLANG_WARN_DIRECT_OBJC_ISA_USAGE = YES_ERROR;
				CLANG_WARN_DOCUMENTATION_COMMENTS = YES;
				CLANG_WARN_EMPTY_BODY = YES;
				CLANG_WARN_ENUM_CONVERSION = YES;
				CLANG_WARN_INFINITE_RECURSION = YES;
				CLANG_WARN_INT_CONVERSION = YES;
				CLANG_WARN_NON_LITERAL_NULL_CONVERSION = YES;
				CLANG_WARN_OBJC_IMPLICIT_RETAIN_SELF = YES;
				CLANG_WARN_OBJC_LITERAL_CONVERSION = YES;
				CLANG_WARN_OBJC_ROOT_CLASS = YES_ERROR;
				CLANG_WARN_QUOTED_INCLUDE_IN_FRAMEWORK_HEADER = YES;
				CLANG_WARN_RANGE_LOOP_ANALYSIS = YES;
				CLANG_WARN_STRICT_PROTOTYPES = YES;
				CLANG_WARN_SUSPICIOUS_MOVE = YES;
				CLANG_WARN_UNGUARDED_AVAILABILITY = YES_AGGRESSIVE;
				CLANG_WARN_UNREACHABLE_CODE = YES;
				CLANG_WARN__DUPLICATE_METHOD_MATCH = YES;
				COPY_PHASE_STRIP = NO;
				DEBUG_INFORMATION_FORMAT = "dwarf-with-dsym";
				ENABLE_NS_ASSERTIONS = NO;
				ENABLE_STRICT_OBJC_MSGSEND = YES;
				GCC_C_LANGUAGE_STANDARD = gnu11;
				GCC_NO_COMMON_BLOCKS = YES;
				GCC_WARN_64_TO_32_BIT_CONVERSION = YES;
				GCC_WARN_ABOUT_RETURN_TYPE = YES_ERROR;
				GCC_WARN_UNDECLARED_SELECTOR = YES;
				GCC_WARN_UNINITIALIZED_AUTOS = YES_AGGRESSIVE;
				GCC_WARN_UNUSED_FUNCTION = YES;
				GCC_WARN_UNUSED_VARIABLE = YES;
				IPHONEOS_DEPLOYMENT_TARGET = 15.4;
				MTL_ENABLE_DEBUG_INFO = NO;
				MTL_FAST_MATH = YES;
				SDKROOT = iphoneos;
				SWIFT_COMPILATION_MODE = wholemodule;
				SWIFT_OPTIMIZATION_LEVEL = "-O";
				VALIDATE_PRODUCT = YES;
			};
			name = Release;
		};
		3145749D27F6324E00DBBDD4 /* Debug */ = {
			isa = XCBuildConfiguration;
			baseConfigurationReference = 3F90BF519AA651EB815F070A /* Pods-TikTok.debug.xcconfig */;
			buildSettings = {
				ASSETCATALOG_COMPILER_APPICON_NAME = AppIcon;
				ASSETCATALOG_COMPILER_GLOBAL_ACCENT_COLOR_NAME = AccentColor;
				CODE_SIGN_STYLE = Automatic;
				CURRENT_PROJECT_VERSION = 1;
				DEBUG_INFORMATION_FORMAT = dwarf;
				GENERATE_INFOPLIST_FILE = YES;
				INFOPLIST_FILE = TikTok/Info.plist;
				INFOPLIST_KEY_CFBundleDisplayName = TikTok;
				INFOPLIST_KEY_UIApplicationSupportsIndirectInputEvents = YES;
				INFOPLIST_KEY_UILaunchStoryboardName = LaunchScreen;
				INFOPLIST_KEY_UISupportedInterfaceOrientations = UIInterfaceOrientationPortrait;
				INFOPLIST_KEY_UISupportedInterfaceOrientations_iPad = "UIInterfaceOrientationPortrait UIInterfaceOrientationPortraitUpsideDown UIInterfaceOrientationLandscapeLeft UIInterfaceOrientationLandscapeRight";
				INFOPLIST_KEY_UISupportedInterfaceOrientations_iPhone = "UIInterfaceOrientationPortrait UIInterfaceOrientationLandscapeLeft UIInterfaceOrientationLandscapeRight";
				IPHONEOS_DEPLOYMENT_TARGET = 13.0;
				LD_RUNPATH_SEARCH_PATHS = (
					"$(inherited)",
					"@executable_path/Frameworks",
				);
				MARKETING_VERSION = 1.0;
				PRODUCT_BUNDLE_IDENTIFIER = com.matias.TikTok;
				PRODUCT_NAME = "$(TARGET_NAME)";
				SWIFT_EMIT_LOC_STRINGS = YES;
				SWIFT_VERSION = 5.0;
				TARGETED_DEVICE_FAMILY = 1;
			};
			name = Debug;
		};
		3145749E27F6324E00DBBDD4 /* Release */ = {
			isa = XCBuildConfiguration;
			baseConfigurationReference = AE0042AFF93DA12E7D5E497B /* Pods-TikTok.release.xcconfig */;
			buildSettings = {
				ASSETCATALOG_COMPILER_APPICON_NAME = AppIcon;
				ASSETCATALOG_COMPILER_GLOBAL_ACCENT_COLOR_NAME = AccentColor;
				CODE_SIGN_STYLE = Automatic;
				CURRENT_PROJECT_VERSION = 1;
				DEBUG_INFORMATION_FORMAT = "dwarf-with-dsym";
				GENERATE_INFOPLIST_FILE = YES;
				INFOPLIST_FILE = TikTok/Info.plist;
				INFOPLIST_KEY_CFBundleDisplayName = TikTok;
				INFOPLIST_KEY_UIApplicationSupportsIndirectInputEvents = YES;
				INFOPLIST_KEY_UILaunchStoryboardName = LaunchScreen;
				INFOPLIST_KEY_UISupportedInterfaceOrientations = UIInterfaceOrientationPortrait;
				INFOPLIST_KEY_UISupportedInterfaceOrientations_iPad = "UIInterfaceOrientationPortrait UIInterfaceOrientationPortraitUpsideDown UIInterfaceOrientationLandscapeLeft UIInterfaceOrientationLandscapeRight";
				INFOPLIST_KEY_UISupportedInterfaceOrientations_iPhone = "UIInterfaceOrientationPortrait UIInterfaceOrientationLandscapeLeft UIInterfaceOrientationLandscapeRight";
				IPHONEOS_DEPLOYMENT_TARGET = 13.0;
				LD_RUNPATH_SEARCH_PATHS = (
					"$(inherited)",
					"@executable_path/Frameworks",
				);
				MARKETING_VERSION = 1.0;
				PRODUCT_BUNDLE_IDENTIFIER = com.matias.TikTok;
				PRODUCT_NAME = "$(TARGET_NAME)";
				SWIFT_EMIT_LOC_STRINGS = YES;
				SWIFT_VERSION = 5.0;
				TARGETED_DEVICE_FAMILY = 1;
			};
			name = Release;
		};
/* End XCBuildConfiguration section */

/* Begin XCConfigurationList section */
		3145748327F6324D00DBBDD4 /* Build configuration list for PBXProject "TikTok" */ = {
			isa = XCConfigurationList;
			buildConfigurations = (
				3145749A27F6324E00DBBDD4 /* Debug */,
				3145749B27F6324E00DBBDD4 /* Release */,
			);
			defaultConfigurationIsVisible = 0;
			defaultConfigurationName = Release;
		};
		3145749C27F6324E00DBBDD4 /* Build configuration list for PBXNativeTarget "TikTok" */ = {
			isa = XCConfigurationList;
			buildConfigurations = (
				3145749D27F6324E00DBBDD4 /* Debug */,
				3145749E27F6324E00DBBDD4 /* Release */,
			);
			defaultConfigurationIsVisible = 0;
			defaultConfigurationName = Release;
		};
/* End XCConfigurationList section */
	};
	rootObject = 3145748027F6324D00DBBDD4 /* Project object */;
}
